
Microsoft Visual Studio Solution File, Format Version 12.00
# Visual Studio Version 17
VisualStudioVersion = 17.11.35219.272
MinimumVisualStudioVersion = 10.0.40219.1
Project("{9A19103F-16F7-4668-BE54-9A1E7A4F7556}") = "QuranFlow", "QuranFlow\QuranFlow.csproj", "{9E577C31-D40F-49EB-95CA-95D875B6DFAF}"
EndProject
Global
	GlobalSection(SolutionConfigurationPlatforms) = preSolution
		Debug|Any CPU = Debug|Any CPU
		Release|Any CPU = Release|Any CPU
	EndGlobalSection
	GlobalSection(ProjectConfigurationPlatforms) = postSolution
		{9E577C31-D40F-49EB-95CA-95D875B6DFAF}.Debug|Any CPU.ActiveCfg = Debug|Any CPU
		{9E577C31-D40F-49EB-95CA-95D875B6DFAF}.Debug|Any CPU.Build.0 = Debug|Any CPU
		{9E577C31-D40F-49EB-95CA-95D875B6DFAF}.Release|Any CPU.ActiveCfg = Release|Any CPU
		{9E577C31-D40F-49EB-95CA-95D875B6DFAF}.Release|Any CPU.Build.0 = Release|Any CPU
	EndGlobalSection
	GlobalSection(SolutionProperties) = preSolution
		HideSolutionNode = FALSE
	EndGlobalSection
	GlobalSection(ExtensibilityGlobals) = postSolution
		SolutionGuid = {3D6C48DD-6186-4141-A6FA-7D0ED9BAF7B1}
	EndGlobalSection
EndGlobal
